// !$*UTF8*$!
{
	archiveVersion = 1;
	classes = {
	};
	objectVersion = 55;
	objects = {

/* Begin PBXBuildFile section */
		B7141F2F2819603C004B9CEF /* RecordAlcholApp.swift in Sources */ = {isa = PBXBuildFile; fileRef = B7141F2E2819603C004B9CEF /* RecordAlcholApp.swift */; };
		B7141F312819603C004B9CEF /* MainView.swift in Sources */ = {isa = PBXBuildFile; fileRef = B7141F302819603C004B9CEF /* MainView.swift */; };
		B7141F332819603D004B9CEF /* Assets.xcassets in Resources */ = {isa = PBXBuildFile; fileRef = B7141F322819603D004B9CEF /* Assets.xcassets */; };
		B7141F362819603D004B9CEF /* Preview Assets.xcassets in Resources */ = {isa = PBXBuildFile; fileRef = B7141F352819603D004B9CEF /* Preview Assets.xcassets */; };
		B7141F3F281961AF004B9CEF /* MonthlyDrinkItem.swift in Sources */ = {isa = PBXBuildFile; fileRef = B7141F3E281961AF004B9CEF /* MonthlyDrinkItem.swift */; };
		B7141F41281964DC004B9CEF /* RecentRecordItem.swift in Sources */ = {isa = PBXBuildFile; fileRef = B7141F40281964DC004B9CEF /* RecentRecordItem.swift */; };
		B7141F43281964F5004B9CEF /* Alchol.swift in Sources */ = {isa = PBXBuildFile; fileRef = B7141F42281964F5004B9CEF /* Alchol.swift */; };
		B7141F4528196660004B9CEF /* RecentRecordList.swift in Sources */ = {isa = PBXBuildFile; fileRef = B7141F4428196660004B9CEF /* RecentRecordList.swift */; };
		B7141F47281969CE004B9CEF /* LastDrinkRecordList.swift in Sources */ = {isa = PBXBuildFile; fileRef = B7141F46281969CE004B9CEF /* LastDrinkRecordList.swift */; };
		B7141F49281969EA004B9CEF /* LastDrinkRecordItem.swift in Sources */ = {isa = PBXBuildFile; fileRef = B7141F48281969EA004B9CEF /* LastDrinkRecordItem.swift */; };
		B7141F5028197204004B9CEF /* DetailView.swift in Sources */ = {isa = PBXBuildFile; fileRef = B7141F4F28197204004B9CEF /* DetailView.swift */; };
		B740AB722819748900EA91AD /* AllRecordList.swift in Sources */ = {isa = PBXBuildFile; fileRef = B740AB712819748900EA91AD /* AllRecordList.swift */; };
		B740AB752819758800EA91AD /* AddRecordView.swift in Sources */ = {isa = PBXBuildFile; fileRef = B740AB742819758800EA91AD /* AddRecordView.swift */; };
		B7A78B06281F9FC800491984 /* ThickDivider.swift in Sources */ = {isa = PBXBuildFile; fileRef = B7A78B05281F9FC800491984 /* ThickDivider.swift */; };
		B7A8FDCB281BA1C60092E3DE /* RecordData.json in Resources */ = {isa = PBXBuildFile; fileRef = B7A8FDCA281BA1C60092E3DE /* RecordData.json */; };
		B7A8FDCE281BABBF0092E3DE /* MonthData.swift in Sources */ = {isa = PBXBuildFile; fileRef = B7A8FDCD281BABBF0092E3DE /* MonthData.swift */; };
		B7A8FDD0281BABCD0092E3DE /* AlcholListData.swift in Sources */ = {isa = PBXBuildFile; fileRef = B7A8FDCF281BABCD0092E3DE /* AlcholListData.swift */; };
		B7A8FDD3281BBC8C0092E3DE /* LoadFunction.swift in Sources */ = {isa = PBXBuildFile; fileRef = B7A8FDD2281BBC8C0092E3DE /* LoadFunction.swift */; };
		B7A8FDD5281BBCBB0092E3DE /* AllData.swift in Sources */ = {isa = PBXBuildFile; fileRef = B7A8FDD4281BBCBB0092E3DE /* AllData.swift */; };
		B7B85C39281BC360000C29B9 /* CustomColor.swift in Sources */ = {isa = PBXBuildFile; fileRef = B7B85C38281BC360000C29B9 /* CustomColor.swift */; };
/* End PBXBuildFile section */

/* Begin PBXFileReference section */
		B7141F2B2819603C004B9CEF /* RecordAlchol.app */ = {isa = PBXFileReference; explicitFileType = wrapper.application; includeInIndex = 0; path = RecordAlchol.app; sourceTree = BUILT_PRODUCTS_DIR; };
		B7141F2E2819603C004B9CEF /* RecordAlcholApp.swift */ = {isa = PBXFileReference; lastKnownFileType = sourcecode.swift; path = RecordAlcholApp.swift; sourceTree = "<group>"; };
		B7141F302819603C004B9CEF /* MainView.swift */ = {isa = PBXFileReference; lastKnownFileType = sourcecode.swift; path = MainView.swift; sourceTree = "<group>"; };
		B7141F322819603D004B9CEF /* Assets.xcassets */ = {isa = PBXFileReference; lastKnownFileType = folder.assetcatalog; path = Assets.xcassets; sourceTree = "<group>"; };
		B7141F352819603D004B9CEF /* Preview Assets.xcassets */ = {isa = PBXFileReference; lastKnownFileType = folder.assetcatalog; path = "Preview Assets.xcassets"; sourceTree = "<group>"; };
		B7141F3E281961AF004B9CEF /* MonthlyDrinkItem.swift */ = {isa = PBXFileReference; lastKnownFileType = sourcecode.swift; path = MonthlyDrinkItem.swift; sourceTree = "<group>"; };
		B7141F40281964DC004B9CEF /* RecentRecordItem.swift */ = {isa = PBXFileReference; lastKnownFileType = sourcecode.swift; path = RecentRecordItem.swift; sourceTree = "<group>"; };
		B7141F42281964F5004B9CEF /* Alchol.swift */ = {isa = PBXFileReference; lastKnownFileType = sourcecode.swift; path = Alchol.swift; sourceTree = "<group>"; };
		B7141F4428196660004B9CEF /* RecentRecordList.swift */ = {isa = PBXFileReference; lastKnownFileType = sourcecode.swift; path = RecentRecordList.swift; sourceTree = "<group>"; };
		B7141F46281969CE004B9CEF /* LastDrinkRecordList.swift */ = {isa = PBXFileReference; lastKnownFileType = sourcecode.swift; path = LastDrinkRecordList.swift; sourceTree = "<group>"; };
		B7141F48281969EA004B9CEF /* LastDrinkRecordItem.swift */ = {isa = PBXFileReference; lastKnownFileType = sourcecode.swift; path = LastDrinkRecordItem.swift; sourceTree = "<group>"; };
		B7141F4F28197204004B9CEF /* DetailView.swift */ = {isa = PBXFileReference; lastKnownFileType = sourcecode.swift; path = DetailView.swift; sourceTree = "<group>"; };
		B740AB712819748900EA91AD /* AllRecordList.swift */ = {isa = PBXFileReference; lastKnownFileType = sourcecode.swift; path = AllRecordList.swift; sourceTree = "<group>"; };
		B740AB742819758800EA91AD /* AddRecordView.swift */ = {isa = PBXFileReference; lastKnownFileType = sourcecode.swift; path = AddRecordView.swift; sourceTree = "<group>"; };
		B7A78B05281F9FC800491984 /* ThickDivider.swift */ = {isa = PBXFileReference; lastKnownFileType = sourcecode.swift; path = ThickDivider.swift; sourceTree = "<group>"; };
		B7A8FDCA281BA1C60092E3DE /* RecordData.json */ = {isa = PBXFileReference; lastKnownFileType = text.json; path = RecordData.json; sourceTree = "<group>"; };
		B7A8FDCD281BABBF0092E3DE /* MonthData.swift */ = {isa = PBXFileReference; lastKnownFileType = sourcecode.swift; path = MonthData.swift; sourceTree = "<group>"; };
		B7A8FDCF281BABCD0092E3DE /* AlcholListData.swift */ = {isa = PBXFileReference; lastKnownFileType = sourcecode.swift; path = AlcholListData.swift; sourceTree = "<group>"; };
		B7A8FDD2281BBC8C0092E3DE /* LoadFunction.swift */ = {isa = PBXFileReference; lastKnownFileType = sourcecode.swift; path = LoadFunction.swift; sourceTree = "<group>"; };
		B7A8FDD4281BBCBB0092E3DE /* AllData.swift */ = {isa = PBXFileReference; lastKnownFileType = sourcecode.swift; path = AllData.swift; sourceTree = "<group>"; };
		B7B85C38281BC360000C29B9 /* CustomColor.swift */ = {isa = PBXFileReference; lastKnownFileType = sourcecode.swift; path = CustomColor.swift; sourceTree = "<group>"; };
/* End PBXFileReference section */

/* Begin PBXFrameworksBuildPhase section */
		B7141F282819603C004B9CEF /* Frameworks */ = {
			isa = PBXFrameworksBuildPhase;
			buildActionMask = 2147483647;
			files = (
			);
			runOnlyForDeploymentPostprocessing = 0;
		};
/* End PBXFrameworksBuildPhase section */

/* Begin PBXGroup section */
		B7141F222819603C004B9CEF = {
			isa = PBXGroup;
			children = (
				B7141F2D2819603C004B9CEF /* RecordAlchol */,
				B7141F2C2819603C004B9CEF /* Products */,
			);
			sourceTree = "<group>";
		};
		B7141F2C2819603C004B9CEF /* Products */ = {
			isa = PBXGroup;
			children = (
				B7141F2B2819603C004B9CEF /* RecordAlchol.app */,
			);
			name = Products;
			sourceTree = "<group>";
		};
		B7141F2D2819603C004B9CEF /* RecordAlchol */ = {
			isa = PBXGroup;
			children = (
				B7A8FDD1281BBC790092E3DE /* Helpers */,
				B7A8FDCC281BA9730092E3DE /* Models */,
				B740AB92281BA19700EA91AD /* Resources */,
				B7141F3C2819604D004B9CEF /* Views */,
				B7141F2E2819603C004B9CEF /* RecordAlcholApp.swift */,
				B7141F322819603D004B9CEF /* Assets.xcassets */,
				B7141F342819603D004B9CEF /* Preview Content */,
			);
			path = RecordAlchol;
			sourceTree = "<group>";
		};
		B7141F342819603D004B9CEF /* Preview Content */ = {
			isa = PBXGroup;
			children = (
				B7141F352819603D004B9CEF /* Preview Assets.xcassets */,
			);
			path = "Preview Content";
			sourceTree = "<group>";
		};
		B7141F3C2819604D004B9CEF /* Views */ = {
			isa = PBXGroup;
			children = (
				B740AB732819757A00EA91AD /* AddRecordView */,
				B7141F4E281971F7004B9CEF /* DetailView */,
				B7141F3D2819618F004B9CEF /* MainView */,
				B7A78B05281F9FC800491984 /* ThickDivider.swift */,
			);
			path = Views;
			sourceTree = "<group>";
		};
		B7141F3D2819618F004B9CEF /* MainView */ = {
			isa = PBXGroup;
			children = (
				B7141F302819603C004B9CEF /* MainView.swift */,
				B7141F3E281961AF004B9CEF /* MonthlyDrinkItem.swift */,
				B7141F40281964DC004B9CEF /* RecentRecordItem.swift */,
				B7141F4428196660004B9CEF /* RecentRecordList.swift */,
				B7141F46281969CE004B9CEF /* LastDrinkRecordList.swift */,
				B7141F48281969EA004B9CEF /* LastDrinkRecordItem.swift */,
			);
			path = MainView;
			sourceTree = "<group>";
		};
		B7141F4E281971F7004B9CEF /* DetailView */ = {
			isa = PBXGroup;
			children = (
				B7141F4F28197204004B9CEF /* DetailView.swift */,
				B740AB712819748900EA91AD /* AllRecordList.swift */,
			);
			path = DetailView;
			sourceTree = "<group>";
		};
		B740AB732819757A00EA91AD /* AddRecordView */ = {
			isa = PBXGroup;
			children = (
				B740AB742819758800EA91AD /* AddRecordView.swift */,
			);
			path = AddRecordView;
			sourceTree = "<group>";
		};
		B740AB92281BA19700EA91AD /* Resources */ = {
			isa = PBXGroup;
			children = (
				B7A8FDCA281BA1C60092E3DE /* RecordData.json */,
				B7A8FDD4281BBCBB0092E3DE /* AllData.swift */,
			);
			path = Resources;
			sourceTree = "<group>";
		};
		B7A8FDCC281BA9730092E3DE /* Models */ = {
			isa = PBXGroup;
			children = (
				B7141F42281964F5004B9CEF /* Alchol.swift */,
				B7A8FDCD281BABBF0092E3DE /* MonthData.swift */,
				B7A8FDCF281BABCD0092E3DE /* AlcholListData.swift */,
				B7B85C38281BC360000C29B9 /* CustomColor.swift */,
			);
			path = Models;
			sourceTree = "<group>";
		};
		B7A8FDD1281BBC790092E3DE /* Helpers */ = {
			isa = PBXGroup;
			children = (
				B7A8FDD2281BBC8C0092E3DE /* LoadFunction.swift */,
			);
			path = Helpers;
			sourceTree = "<group>";
		};
/* End PBXGroup section */

/* Begin PBXNativeTarget section */
		B7141F2A2819603C004B9CEF /* RecordAlchol */ = {
			isa = PBXNativeTarget;
			buildConfigurationList = B7141F392819603D004B9CEF /* Build configuration list for PBXNativeTarget "RecordAlchol" */;
			buildPhases = (
				B7141F272819603C004B9CEF /* Sources */,
				B7141F282819603C004B9CEF /* Frameworks */,
				B7141F292819603C004B9CEF /* Resources */,
			);
			buildRules = (
			);
			dependencies = (
			);
			name = RecordAlchol;
			productName = RecordAlchol;
			productReference = B7141F2B2819603C004B9CEF /* RecordAlchol.app */;
			productType = "com.apple.product-type.application";
		};
/* End PBXNativeTarget section */

/* Begin PBXProject section */
		B7141F232819603C004B9CEF /* Project object */ = {
			isa = PBXProject;
			attributes = {
				BuildIndependentTargetsInParallel = 1;
				LastSwiftUpdateCheck = 1330;
				LastUpgradeCheck = 1330;
				TargetAttributes = {
					B7141F2A2819603C004B9CEF = {
						CreatedOnToolsVersion = 13.3.1;
					};
				};
			};
			buildConfigurationList = B7141F262819603C004B9CEF /* Build configuration list for PBXProject "RecordAlchol" */;
			compatibilityVersion = "Xcode 13.0";
			developmentRegion = en;
			hasScannedForEncodings = 0;
			knownRegions = (
				en,
				Base,
			);
			mainGroup = B7141F222819603C004B9CEF;
			productRefGroup = B7141F2C2819603C004B9CEF /* Products */;
			projectDirPath = "";
			projectRoot = "";
			targets = (
				B7141F2A2819603C004B9CEF /* RecordAlchol */,
			);
		};
/* End PBXProject section */

/* Begin PBXResourcesBuildPhase section */
		B7141F292819603C004B9CEF /* Resources */ = {
			isa = PBXResourcesBuildPhase;
			buildActionMask = 2147483647;
			files = (
				B7A8FDCB281BA1C60092E3DE /* RecordData.json in Resources */,
				B7141F362819603D004B9CEF /* Preview Assets.xcassets in Resources */,
				B7141F332819603D004B9CEF /* Assets.xcassets in Resources */,
			);
			runOnlyForDeploymentPostprocessing = 0;
		};
/* End PBXResourcesBuildPhase section */

/* Begin PBXSourcesBuildPhase section */
		B7141F272819603C004B9CEF /* Sources */ = {
			isa = PBXSourcesBuildPhase;
			buildActionMask = 2147483647;
			files = (
				B7141F41281964DC004B9CEF /* RecentRecordItem.swift in Sources */,
				B7141F5028197204004B9CEF /* DetailView.swift in Sources */,
				B7141F312819603C004B9CEF /* MainView.swift in Sources */,
				B7A8FDD3281BBC8C0092E3DE /* LoadFunction.swift in Sources */,
				B7A8FDD0281BABCD0092E3DE /* AlcholListData.swift in Sources */,
				B7141F2F2819603C004B9CEF /* RecordAlcholApp.swift in Sources */,
				B7A78B06281F9FC800491984 /* ThickDivider.swift in Sources */,
				B7B85C39281BC360000C29B9 /* CustomColor.swift in Sources */,
				B7141F43281964F5004B9CEF /* Alchol.swift in Sources */,
				B7141F3F281961AF004B9CEF /* MonthlyDrinkItem.swift in Sources */,
				B7A8FDCE281BABBF0092E3DE /* MonthData.swift in Sources */,
				B7141F47281969CE004B9CEF /* LastDrinkRecordList.swift in Sources */,
				B7141F49281969EA004B9CEF /* LastDrinkRecordItem.swift in Sources */,
				B740AB752819758800EA91AD /* AddRecordView.swift in Sources */,
				B7A8FDD5281BBCBB0092E3DE /* AllData.swift in Sources */,
				B740AB722819748900EA91AD /* AllRecordList.swift in Sources */,
				B7141F4528196660004B9CEF /* RecentRecordList.swift in Sources */,
			);
			runOnlyForDeploymentPostprocessing = 0;
		};
/* End PBXSourcesBuildPhase section */

/* Begin XCBuildConfiguration section */
		B7141F372819603D004B9CEF /* Debug */ = {
			isa = XCBuildConfiguration;
			buildSettings = {
				ALWAYS_SEARCH_USER_PATHS = NO;
				CLANG_ANALYZER_NONNULL = YES;
				CLANG_ANALYZER_NUMBER_OBJECT_CONVERSION = YES_AGGRESSIVE;
				CLANG_CXX_LANGUAGE_STANDARD = "gnu++17";
				CLANG_ENABLE_MODULES = YES;
				CLANG_ENABLE_OBJC_ARC = YES;
				CLANG_ENABLE_OBJC_WEAK = YES;
				CLANG_WARN_BLOCK_CAPTURE_AUTORELEASING = YES;
				CLANG_WARN_BOOL_CONVERSION = YES;
				CLANG_WARN_COMMA = YES;
				CLANG_WARN_CONSTANT_CONVERSION = YES;
				CLANG_WARN_DEPRECATED_OBJC_IMPLEMENTATIONS = YES;
				CLANG_WARN_DIRECT_OBJC_ISA_USAGE = YES_ERROR;
				CLANG_WARN_DOCUMENTATION_COMMENTS = YES;
				CLANG_WARN_EMPTY_BODY = YES;
				CLANG_WARN_ENUM_CONVERSION = YES;
				CLANG_WARN_INFINITE_RECURSION = YES;
				CLANG_WARN_INT_CONVERSION = YES;
				CLANG_WARN_NON_LITERAL_NULL_CONVERSION = YES;
				CLANG_WARN_OBJC_IMPLICIT_RETAIN_SELF = YES;
				CLANG_WARN_OBJC_LITERAL_CONVERSION = YES;
				CLANG_WARN_OBJC_ROOT_CLASS = YES_ERROR;
				CLANG_WARN_QUOTED_INCLUDE_IN_FRAMEWORK_HEADER = YES;
				CLANG_WARN_RANGE_LOOP_ANALYSIS = YES;
				CLANG_WARN_STRICT_PROTOTYPES = YES;
				CLANG_WARN_SUSPICIOUS_MOVE = YES;
				CLANG_WARN_UNGUARDED_AVAILABILITY = YES_AGGRESSIVE;
				CLANG_WARN_UNREACHABLE_CODE = YES;
				CLANG_WARN__DUPLICATE_METHOD_MATCH = YES;
				COPY_PHASE_STRIP = NO;
				DEBUG_INFORMATION_FORMAT = dwarf;
				ENABLE_STRICT_OBJC_MSGSEND = YES;
				ENABLE_TESTABILITY = YES;
				GCC_C_LANGUAGE_STANDARD = gnu11;
				GCC_DYNAMIC_NO_PIC = NO;
				GCC_NO_COMMON_BLOCKS = YES;
				GCC_OPTIMIZATION_LEVEL = 0;
				GCC_PREPROCESSOR_DEFINITIONS = (
					"DEBUG=1",
					"$(inherited)",
				);
				GCC_WARN_64_TO_32_BIT_CONVERSION = YES;
				GCC_WARN_ABOUT_RETURN_TYPE = YES_ERROR;
				GCC_WARN_UNDECLARED_SELECTOR = YES;
				GCC_WARN_UNINITIALIZED_AUTOS = YES_AGGRESSIVE;
				GCC_WARN_UNUSED_FUNCTION = YES;
				GCC_WARN_UNUSED_VARIABLE = YES;
				IPHONEOS_DEPLOYMENT_TARGET = 15.4;
				MTL_ENABLE_DEBUG_INFO = INCLUDE_SOURCE;
				MTL_FAST_MATH = YES;
				ONLY_ACTIVE_ARCH = YES;
				SDKROOT = iphoneos;
				SWIFT_ACTIVE_COMPILATION_CONDITIONS = DEBUG;
				SWIFT_OPTIMIZATION_LEVEL = "-Onone";
			};
			name = Debug;
		};
		B7141F382819603D004B9CEF /* Release */ = {
			isa = XCBuildConfiguration;
			buildSettings = {
				ALWAYS_SEARCH_USER_PATHS = NO;
				CLANG_ANALYZER_NONNULL = YES;
				CLANG_ANALYZER_NUMBER_OBJECT_CONVERSION = YES_AGGRESSIVE;
				CLANG_CXX_LANGUAGE_STANDARD = "gnu++17";
				CLANG_ENABLE_MODULES = YES;
				CLANG_ENABLE_OBJC_ARC = YES;
				CLANG_ENABLE_OBJC_WEAK = YES;
				CLANG_WARN_BLOCK_CAPTURE_AUTORELEASING = YES;
				CLANG_WARN_BOOL_CONVERSION = YES;
				CLANG_WARN_COMMA = YES;
				CLANG_WARN_CONSTANT_CONVERSION = YES;
				CLANG_WARN_DEPRECATED_OBJC_IMPLEMENTATIONS = YES;
				CLANG_WARN_DIRECT_OBJC_ISA_USAGE = YES_ERROR;
				CLANG_WARN_DOCUMENTATION_COMMENTS = YES;
				CLANG_WARN_EMPTY_BODY = YES;
				CLANG_WARN_ENUM_CONVERSION = YES;
				CLANG_WARN_INFINITE_RECURSION = YES;
				CLANG_WARN_INT_CONVERSION = YES;
				CLANG_WARN_NON_LITERAL_NULL_CONVERSION = YES;
				CLANG_WARN_OBJC_IMPLICIT_RETAIN_SELF = YES;
				CLANG_WARN_OBJC_LITERAL_CONVERSION = YES;
				CLANG_WARN_OBJC_ROOT_CLASS = YES_ERROR;
				CLANG_WARN_QUOTED_INCLUDE_IN_FRAMEWORK_HEADER = YES;
				CLANG_WARN_RANGE_LOOP_ANALYSIS = YES;
				CLANG_WARN_STRICT_PROTOTYPES = YES;
				CLANG_WARN_SUSPICIOUS_MOVE = YES;
				CLANG_WARN_UNGUARDED_AVAILABILITY = YES_AGGRESSIVE;
				CLANG_WARN_UNREACHABLE_CODE = YES;
				CLANG_WARN__DUPLICATE_METHOD_MATCH = YES;
				COPY_PHASE_STRIP = NO;
				DEBUG_INFORMATION_FORMAT = "dwarf-with-dsym";
				ENABLE_NS_ASSERTIONS = NO;
				ENABLE_STRICT_OBJC_MSGSEND = YES;
				GCC_C_LANGUAGE_STANDARD = gnu11;
				GCC_NO_COMMON_BLOCKS = YES;
				GCC_WARN_64_TO_32_BIT_CONVERSION = YES;
				GCC_WARN_ABOUT_RETURN_TYPE = YES_ERROR;
				GCC_WARN_UNDECLARED_SELECTOR = YES;
				GCC_WARN_UNINITIALIZED_AUTOS = YES_AGGRESSIVE;
				GCC_WARN_UNUSED_FUNCTION = YES;
				GCC_WARN_UNUSED_VARIABLE = YES;
				IPHONEOS_DEPLOYMENT_TARGET = 15.4;
				MTL_ENABLE_DEBUG_INFO = NO;
				MTL_FAST_MATH = YES;
				SDKROOT = iphoneos;
				SWIFT_COMPILATION_MODE = wholemodule;
				SWIFT_OPTIMIZATION_LEVEL = "-O";
				VALIDATE_PRODUCT = YES;
			};
			name = Release;
		};
		B7141F3A2819603D004B9CEF /* Debug */ = {
			isa = XCBuildConfiguration;
			buildSettings = {
				ASSETCATALOG_COMPILER_APPICON_NAME = AppIcon;
				ASSETCATALOG_COMPILER_GLOBAL_ACCENT_COLOR_NAME = AccentColor;
				CODE_SIGN_STYLE = Automatic;
				CURRENT_PROJECT_VERSION = 1;
				DEVELOPMENT_ASSET_PATHS = "\"RecordAlchol/Preview Content\"";
				ENABLE_PREVIEWS = YES;
				GENERATE_INFOPLIST_FILE = YES;
				INFOPLIST_KEY_UIApplicationSceneManifest_Generation = YES;
				INFOPLIST_KEY_UIApplicationSupportsIndirectInputEvents = YES;
				INFOPLIST_KEY_UILaunchScreen_Generation = YES;
				INFOPLIST_KEY_UISupportedInterfaceOrientations_iPad = "UIInterfaceOrientationPortrait UIInterfaceOrientationPortraitUpsideDown UIInterfaceOrientationLandscapeLeft UIInterfaceOrientationLandscapeRight";
				INFOPLIST_KEY_UISupportedInterfaceOrientations_iPhone = "UIInterfaceOrientationPortrait UIInterfaceOrientationLandscapeLeft UIInterfaceOrientationLandscapeRight";
				LD_RUNPATH_SEARCH_PATHS = (
					"$(inherited)",
					"@executable_path/Frameworks",
				);
				MARKETING_VERSION = 1.0;
				PRODUCT_BUNDLE_IDENTIFIER = com.digi.RecordAlchol;
				PRODUCT_NAME = "$(TARGET_NAME)";
				SWIFT_EMIT_LOC_STRINGS = YES;
				SWIFT_VERSION = 5.0;
				TARGETED_DEVICE_FAMILY = "1,2";
			};
			name = Debug;
		};
		B7141F3B2819603D004B9CEF /* Release */ = {
			isa = XCBuildConfiguration;
			buildSettings = {
				ASSETCATALOG_COMPILER_APPICON_NAME = AppIcon;
				ASSETCATALOG_COMPILER_GLOBAL_ACCENT_COLOR_NAME = AccentColor;
				CODE_SIGN_STYLE = Automatic;
				CURRENT_PROJECT_VERSION = 1;
				DEVELOPMENT_ASSET_PATHS = "\"RecordAlchol/Preview Content\"";
				ENABLE_PREVIEWS = YES;
				GENERATE_INFOPLIST_FILE = YES;
				INFOPLIST_KEY_UIApplicationSceneManifest_Generation = YES;
				INFOPLIST_KEY_UIApplicationSupportsIndirectInputEvents = YES;
				INFOPLIST_KEY_UILaunchScreen_Generation = YES;
				INFOPLIST_KEY_UISupportedInterfaceOrientations_iPad = "UIInterfaceOrientationPortrait UIInterfaceOrientationPortraitUpsideDown UIInterfaceOrientationLandscapeLeft UIInterfaceOrientationLandscapeRight";
				INFOPLIST_KEY_UISupportedInterfaceOrientations_iPhone = "UIInterfaceOrientationPortrait UIInterfaceOrientationLandscapeLeft UIInterfaceOrientationLandscapeRight";
				LD_RUNPATH_SEARCH_PATHS = (
					"$(inherited)",
					"@executable_path/Frameworks",
				);
				MARKETING_VERSION = 1.0;
				PRODUCT_BUNDLE_IDENTIFIER = com.digi.RecordAlchol;
				PRODUCT_NAME = "$(TARGET_NAME)";
				SWIFT_EMIT_LOC_STRINGS = YES;
				SWIFT_VERSION = 5.0;
				TARGETED_DEVICE_FAMILY = "1,2";
			};
			name = Release;
		};
/* End XCBuildConfiguration section */

/* Begin XCConfigurationList section */
		B7141F262819603C004B9CEF /* Build configuration list for PBXProject "RecordAlchol" */ = {
			isa = XCConfigurationList;
			buildConfigurations = (
				B7141F372819603D004B9CEF /* Debug */,
				B7141F382819603D004B9CEF /* Release */,
			);
			defaultConfigurationIsVisible = 0;
			defaultConfigurationName = Release;
		};
		B7141F392819603D004B9CEF /* Build configuration list for PBXNativeTarget "RecordAlchol" */ = {
			isa = XCConfigurationList;
			buildConfigurations = (
				B7141F3A2819603D004B9CEF /* Debug */,
				B7141F3B2819603D004B9CEF /* Release */,
			);
			defaultConfigurationIsVisible = 0;
			defaultConfigurationName = Release;
		};
/* End XCConfigurationList section */
	};
	rootObject = B7141F232819603C004B9CEF /* Project object */;
}
